{
  "lockfileVersion": 1,
  "workspaces": {
    "": {
      "name": "pathfinder",
      "devDependencies": {
        "@types/node": "^18",
        "typescript": "^5.0.0",
      },
    },
  },
  "packages": {
    "@types/node": ["@types/node@18.19.119", "", { "dependencies": { "undici-types": "~5.26.4" } }, "sha512-d0F6m9itIPaKnrvEMlzE48UjwZaAnFW7Jwibacw9MNdqadjKNpUm9tfJYDwmShJmgqcoqYUX3EMKO1+RWiuuNg=="],

    "typescript": ["typescript@5.8.3", "", { "bin": { "tsc": "bin/tsc", "tsserver": "bin/tsserver" } }, "sha512-p1diW6TqL9L07nNxvRMM7hMMw4c5XOo/1ibL4aAIGmSAt9slTE1Xgw5KWuof2uTOvCg9BY7ZRi+GaF+7sfgPeQ=="],

    "undici-types": ["undici-types@5.26.5", "", {}, "sha512-JlCMO+ehdEIKqlFxk6IfVoAUVmgz7cU7zD/h9XZ0qzeosSHmUJVOzSQvvYSYWXkFXC+IfLKSIffhv0sVZup6pA=="],
  }
}
